
Microsoft Visual Studio Solution File, Format Version 12.00
# Visual Studio Version 17
VisualStudioVersion = 17.5.33516.290
MinimumVisualStudioVersion = 10.0.40219.1
Project("{8BC9CEB8-8B4A-11D0-8D11-00A0C91BC942}") = "gen", "Projects_Tools\gen.vcxproj", "{A1D51732-F2FB-A387-834E-1F7D03A83B7D}"
EndProject
Project("{8BC9CEB8-8B4A-11D0-8D11-00A0C91BC942}") = "libisc", "Projects_Modules\libisc.vcxproj", "{09E461E7-A4AD-4D27-A627-D8B13C5C114D}"
EndProject
Project("{8BC9CEB8-8B4A-11D0-8D11-00A0C91BC942}") = "libisccc", "Projects_Modules\libisccc.vcxproj", "{7D69568E-D431-4246-ABBA-C94ACC1F7E42}"
	ProjectSection(ProjectDependencies) = postProject
		{09E461E7-A4AD-4D27-A627-D8B13C5C114D} = {09E461E7-A4AD-4D27-A627-D8B13C5C114D}
	EndProjectSection
EndProject
Project("{8BC9CEB8-8B4A-11D0-8D11-00A0C91BC942}") = "libdns", "Projects_Modules\libdns.vcxproj", "{CB20AE16-2EF9-498D-824A-E9DC14FADA89}"
	ProjectSection(ProjectDependencies) = postProject
		{09E461E7-A4AD-4D27-A627-D8B13C5C114D} = {09E461E7-A4AD-4D27-A627-D8B13C5C114D}
		{A1D51732-F2FB-A387-834E-1F7D03A83B7D} = {A1D51732-F2FB-A387-834E-1F7D03A83B7D}
	EndProjectSection
EndProject
Project("{8BC9CEB8-8B4A-11D0-8D11-00A0C91BC942}") = "libns", "Projects_Modules\libns.vcxproj", "{E2EFC220-43C9-410D-BE1A-3A086D0DB924}"
	ProjectSection(ProjectDependencies) = postProject
		{09E461E7-A4AD-4D27-A627-D8B13C5C114D} = {09E461E7-A4AD-4D27-A627-D8B13C5C114D}
		{CB20AE16-2EF9-498D-824A-E9DC14FADA89} = {CB20AE16-2EF9-498D-824A-E9DC14FADA89}
	EndProjectSection
EndProject
Project("{8BC9CEB8-8B4A-11D0-8D11-00A0C91BC942}") = "libisccfg", "Projects_Modules\libisccfg.vcxproj", "{FBC1B149-88D2-4A71-AF7D-33BAB2C59140}"
	ProjectSection(ProjectDependencies) = postProject
		{09E461E7-A4AD-4D27-A627-D8B13C5C114D} = {09E461E7-A4AD-4D27-A627-D8B13C5C114D}
		{CB20AE16-2EF9-498D-824A-E9DC14FADA89} = {CB20AE16-2EF9-498D-824A-E9DC14FADA89}
	EndProjectSection
EndProject
Project("{8BC9CEB8-8B4A-11D0-8D11-00A0C91BC942}") = "libbind9", "Projects_Modules\libbind9.vcxproj", "{136EA049-9470-4DBB-B2BC-7DC935EE5028}"
	ProjectSection(ProjectDependencies) = postProject
		{09E461E7-A4AD-4D27-A627-D8B13C5C114D} = {09E461E7-A4AD-4D27-A627-D8B13C5C114D}
		{CB20AE16-2EF9-498D-824A-E9DC14FADA89} = {CB20AE16-2EF9-498D-824A-E9DC14FADA89}
		{FBC1B149-88D2-4A71-AF7D-33BAB2C59140} = {FBC1B149-88D2-4A71-AF7D-33BAB2C59140}
	EndProjectSection
EndProject
Project("{8BC9CEB8-8B4A-11D0-8D11-00A0C91BC942}") = "libirs", "Projects_Modules\libirs.vcxproj", "{56E248CF-C6DD-45BF-BA0B-2EC505BE0CB9}"
	ProjectSection(ProjectDependencies) = postProject
		{09E461E7-A4AD-4D27-A627-D8B13C5C114D} = {09E461E7-A4AD-4D27-A627-D8B13C5C114D}
		{CB20AE16-2EF9-498D-824A-E9DC14FADA89} = {CB20AE16-2EF9-498D-824A-E9DC14FADA89}
		{FBC1B149-88D2-4A71-AF7D-33BAB2C59140} = {FBC1B149-88D2-4A71-AF7D-33BAB2C59140}
	EndProjectSection
EndProject
Project("{2150E333-8FDC-42A3-9474-1A3956D46DE8}") = "Modules", "Modules", "{67E99504-6111-4EAB-9BCE-2A919119FC39}"
EndProject
Project("{2150E333-8FDC-42A3-9474-1A3956D46DE8}") = "Apps", "Apps", "{DCD0B750-F1AA-44C1-A3A0-428CF3DC932D}"
EndProject
Project("{8BC9CEB8-8B4A-11D0-8D11-00A0C91BC942}") = "named", "Projects\named.vcxproj", "{83CE8522-8475-445E-974B-2308EB238D08}"
	ProjectSection(ProjectDependencies) = postProject
		{09E461E7-A4AD-4D27-A627-D8B13C5C114D} = {09E461E7-A4AD-4D27-A627-D8B13C5C114D}
		{136EA049-9470-4DBB-B2BC-7DC935EE5028} = {136EA049-9470-4DBB-B2BC-7DC935EE5028}
		{56E248CF-C6DD-45BF-BA0B-2EC505BE0CB9} = {56E248CF-C6DD-45BF-BA0B-2EC505BE0CB9}
		{7D69568E-D431-4246-ABBA-C94ACC1F7E42} = {7D69568E-D431-4246-ABBA-C94ACC1F7E42}
		{CB20AE16-2EF9-498D-824A-E9DC14FADA89} = {CB20AE16-2EF9-498D-824A-E9DC14FADA89}
		{E2EFC220-43C9-410D-BE1A-3A086D0DB924} = {E2EFC220-43C9-410D-BE1A-3A086D0DB924}
		{FBC1B149-88D2-4A71-AF7D-33BAB2C59140} = {FBC1B149-88D2-4A71-AF7D-33BAB2C59140}
	EndProjectSection
EndProject
Project("{8BC9CEB8-8B4A-11D0-8D11-00A0C91BC942}") = "arpaname", "Projects\arpaname.vcxproj", "{E806EFE3-A1B6-41E0-953B-463B42FA3352}"
	ProjectSection(ProjectDependencies) = postProject
		{83CE8522-8475-445E-974B-2308EB238D08} = {83CE8522-8475-445E-974B-2308EB238D08}
	EndProjectSection
EndProject
Project("{8BC9CEB8-8B4A-11D0-8D11-00A0C91BC942}") = "mdig", "Projects\mdig.vcxproj", "{2C93FFF1-4391-4ACA-87A5-56B0FE22C33E}"
	ProjectSection(ProjectDependencies) = postProject
		{83CE8522-8475-445E-974B-2308EB238D08} = {83CE8522-8475-445E-974B-2308EB238D08}
	EndProjectSection
EndProject
Project("{8BC9CEB8-8B4A-11D0-8D11-00A0C91BC942}") = "named-journalprint", "Projects\named-journalprint.vcxproj", "{6B1D4B56-EB40-4BEE-AA9B-0C31134C7836}"
	ProjectSection(ProjectDependencies) = postProject
		{83CE8522-8475-445E-974B-2308EB238D08} = {83CE8522-8475-445E-974B-2308EB238D08}
	EndProjectSection
EndProject
Project("{8BC9CEB8-8B4A-11D0-8D11-00A0C91BC942}") = "named-rrchecker", "Projects\named-rrchecker.vcxproj", "{322BA7E9-2408-44BD-BC97-EEDBABEAA646}"
	ProjectSection(ProjectDependencies) = postProject
		{83CE8522-8475-445E-974B-2308EB238D08} = {83CE8522-8475-445E-974B-2308EB238D08}
	EndProjectSection
EndProject
Project("{8BC9CEB8-8B4A-11D0-8D11-00A0C91BC942}") = "nsec3hash", "Projects\nsec3hash.vcxproj", "{E88B6EA0-25F2-4CFB-BC26-44535AAD3DD2}"
	ProjectSection(ProjectDependencies) = postProject
		{83CE8522-8475-445E-974B-2308EB238D08} = {83CE8522-8475-445E-974B-2308EB238D08}
	EndProjectSection
EndProject
Project("{8BC9CEB8-8B4A-11D0-8D11-00A0C91BC942}") = "rndc", "Projects\rndc.vcxproj", "{275AC5B3-5E02-4233-9E02-E767C6E823BC}"
	ProjectSection(ProjectDependencies) = postProject
		{83CE8522-8475-445E-974B-2308EB238D08} = {83CE8522-8475-445E-974B-2308EB238D08}
	EndProjectSection
EndProject
Project("{8BC9CEB8-8B4A-11D0-8D11-00A0C91BC942}") = "nsupdate", "Projects\nsupdate.vcxproj", "{018CA777-B8CD-40DB-BEAF-13CC32783FD4}"
	ProjectSection(ProjectDependencies) = postProject
		{83CE8522-8475-445E-974B-2308EB238D08} = {83CE8522-8475-445E-974B-2308EB238D08}
	EndProjectSection
EndProject
Project("{8BC9CEB8-8B4A-11D0-8D11-00A0C91BC942}") = "dnssec-cds", "Projects\dnssec-cds.vcxproj", "{28043007-0BFC-47FB-B5C6-19CAF0C78976}"
	ProjectSection(ProjectDependencies) = postProject
		{57A953EF-FB14-435C-9F26-7CF2FACDDEDB} = {57A953EF-FB14-435C-9F26-7CF2FACDDEDB}
	EndProjectSection
EndProject
Project("{8BC9CEB8-8B4A-11D0-8D11-00A0C91BC942}") = "dnssec-dsfromkey", "Projects\dnssec-dsfromkey.vcxproj", "{AA6E8A96-73F7-496E-9888-03F94B958BDA}"
	ProjectSection(ProjectDependencies) = postProject
		{57A953EF-FB14-435C-9F26-7CF2FACDDEDB} = {57A953EF-FB14-435C-9F26-7CF2FACDDEDB}
	EndProjectSection
EndProject
Project("{8BC9CEB8-8B4A-11D0-8D11-00A0C91BC942}") = "dnssec-importkey", "Projects\dnssec-importkey.vcxproj", "{82082DDF-4163-42A6-9400-97D541C0518F}"
	ProjectSection(ProjectDependencies) = postProject
		{57A953EF-FB14-435C-9F26-7CF2FACDDEDB} = {57A953EF-FB14-435C-9F26-7CF2FACDDEDB}
	EndProjectSection
EndProject
Project("{8BC9CEB8-8B4A-11D0-8D11-00A0C91BC942}") = "dnssec-keygen", "Projects\dnssec-keygen.vcxproj", "{20E8F931-7B34-4C6A-A4C3-7C8265C5FC2D}"
	ProjectSection(ProjectDependencies) = postProject
		{57A953EF-FB14-435C-9F26-7CF2FACDDEDB} = {57A953EF-FB14-435C-9F26-7CF2FACDDEDB}
	EndProjectSection
EndProject
Project("{8BC9CEB8-8B4A-11D0-8D11-00A0C91BC942}") = "dnssec-revoke", "Projects\dnssec-revoke.vcxproj", "{AD21C5D7-2757-481C-9425-6A9F93A898EB}"
	ProjectSection(ProjectDependencies) = postProject
		{57A953EF-FB14-435C-9F26-7CF2FACDDEDB} = {57A953EF-FB14-435C-9F26-7CF2FACDDEDB}
	EndProjectSection
EndProject
Project("{8BC9CEB8-8B4A-11D0-8D11-00A0C91BC942}") = "dnssec-settime", "Projects\dnssec-settime.vcxproj", "{ADE4DAE7-AE25-4C6F-B8B8-1BADEBF0B61B}"
	ProjectSection(ProjectDependencies) = postProject
		{57A953EF-FB14-435C-9F26-7CF2FACDDEDB} = {57A953EF-FB14-435C-9F26-7CF2FACDDEDB}
	EndProjectSection
EndProject
Project("{8BC9CEB8-8B4A-11D0-8D11-00A0C91BC942}") = "dnssec-signzone", "Projects\dnssec-signzone.vcxproj", "{60784238-33AB-47B2-8E08-DE58B8B24F27}"
	ProjectSection(ProjectDependencies) = postProject
		{57A953EF-FB14-435C-9F26-7CF2FACDDEDB} = {57A953EF-FB14-435C-9F26-7CF2FACDDEDB}
	EndProjectSection
EndProject
Project("{8BC9CEB8-8B4A-11D0-8D11-00A0C91BC942}") = "dnssec-verify", "Projects\dnssec-verify.vcxproj", "{084F2DA1-DB94-4BC6-88B7-B69F5DBE5EDE}"
	ProjectSection(ProjectDependencies) = postProject
		{57A953EF-FB14-435C-9F26-7CF2FACDDEDB} = {57A953EF-FB14-435C-9F26-7CF2FACDDEDB}
	EndProjectSection
EndProject
Project("{8BC9CEB8-8B4A-11D0-8D11-00A0C91BC942}") = "dnssec-keyfromlabel", "Projects\dnssec-keyfromlabel.vcxproj", "{A65A54BA-754E-44FE-88B5-B7ABA9E5B106}"
	ProjectSection(ProjectDependencies) = postProject
		{57A953EF-FB14-435C-9F26-7CF2FACDDEDB} = {57A953EF-FB14-435C-9F26-7CF2FACDDEDB}
	EndProjectSection
EndProject
Project("{8BC9CEB8-8B4A-11D0-8D11-00A0C91BC942}") = "dnssectool", "Projects\dnssectool.vcxproj", "{57A953EF-FB14-435C-9F26-7CF2FACDDEDB}"
	ProjectSection(ProjectDependencies) = postProject
		{83CE8522-8475-445E-974B-2308EB238D08} = {83CE8522-8475-445E-974B-2308EB238D08}
	EndProjectSection
EndProject
Project("{8BC9CEB8-8B4A-11D0-8D11-00A0C91BC942}") = "dig", "Projects\dig.vcxproj", "{27F700EB-3B06-41A3-9934-3FB7E8128996}"
	ProjectSection(ProjectDependencies) = postProject
		{813F5073-AC76-4E82-B541-5A1D6D0854CE} = {813F5073-AC76-4E82-B541-5A1D6D0854CE}
	EndProjectSection
EndProject
Project("{8BC9CEB8-8B4A-11D0-8D11-00A0C91BC942}") = "host", "Projects\host.vcxproj", "{F1A01F2C-B2C4-4B82-90CC-85836A5E9CBE}"
	ProjectSection(ProjectDependencies) = postProject
		{813F5073-AC76-4E82-B541-5A1D6D0854CE} = {813F5073-AC76-4E82-B541-5A1D6D0854CE}
	EndProjectSection
EndProject
Project("{8BC9CEB8-8B4A-11D0-8D11-00A0C91BC942}") = "nslookup", "Projects\nslookup.vcxproj", "{7D477513-C3B3-4BA1-9942-96AAEC38DCAF}"
	ProjectSection(ProjectDependencies) = postProject
		{813F5073-AC76-4E82-B541-5A1D6D0854CE} = {813F5073-AC76-4E82-B541-5A1D6D0854CE}
	EndProjectSection
EndProject
Project("{8BC9CEB8-8B4A-11D0-8D11-00A0C91BC942}") = "dighost", "Projects\dighost.vcxproj", "{813F5073-AC76-4E82-B541-5A1D6D0854CE}"
	ProjectSection(ProjectDependencies) = postProject
		{83CE8522-8475-445E-974B-2308EB238D08} = {83CE8522-8475-445E-974B-2308EB238D08}
	EndProjectSection
EndProject
Project("{8BC9CEB8-8B4A-11D0-8D11-00A0C91BC942}") = "delv", "Projects\delv.vcxproj", "{9A488103-FEB2-435D-AA4B-C1A095526BF3}"
	ProjectSection(ProjectDependencies) = postProject
		{83CE8522-8475-445E-974B-2308EB238D08} = {83CE8522-8475-445E-974B-2308EB238D08}
	EndProjectSection
EndProject
Project("{8BC9CEB8-8B4A-11D0-8D11-00A0C91BC942}") = "check-tool", "Projects\check-tool.vcxproj", "{3AB14383-E5E8-4371-93FA-DFB55B76E9F9}"
	ProjectSection(ProjectDependencies) = postProject
		{83CE8522-8475-445E-974B-2308EB238D08} = {83CE8522-8475-445E-974B-2308EB238D08}
	EndProjectSection
EndProject
Project("{8BC9CEB8-8B4A-11D0-8D11-00A0C91BC942}") = "named-checkconf", "Projects\named-checkconf.vcxproj", "{AF9D6C79-16DA-4874-A1D8-12727A1FEC57}"
	ProjectSection(ProjectDependencies) = postProject
		{3AB14383-E5E8-4371-93FA-DFB55B76E9F9} = {3AB14383-E5E8-4371-93FA-DFB55B76E9F9}
	EndProjectSection
EndProject
Project("{8BC9CEB8-8B4A-11D0-8D11-00A0C91BC942}") = "named-checkzone", "Projects\named-checkzone.vcxproj", "{720A4F33-43D0-4D00-8883-5D97A3F971B7}"
	ProjectSection(ProjectDependencies) = postProject
		{3AB14383-E5E8-4371-93FA-DFB55B76E9F9} = {3AB14383-E5E8-4371-93FA-DFB55B76E9F9}
	EndProjectSection
EndProject
Project("{8BC9CEB8-8B4A-11D0-8D11-00A0C91BC942}") = "ddns-confgen", "Projects\ddns-confgen.vcxproj", "{7D94E8D6-4A6F-49D9-AB92-047DE5DA9EBF}"
	ProjectSection(ProjectDependencies) = postProject
		{A45BC128-A727-4DB8-90EA-D29B47205674} = {A45BC128-A727-4DB8-90EA-D29B47205674}
	EndProjectSection
EndProject
Project("{8BC9CEB8-8B4A-11D0-8D11-00A0C91BC942}") = "rndc-confgen", "Projects\rndc-confgen.vcxproj", "{1E3EED8E-5D24-4BE1-BE3B-2240E14B822D}"
	ProjectSection(ProjectDependencies) = postProject
		{A45BC128-A727-4DB8-90EA-D29B47205674} = {A45BC128-A727-4DB8-90EA-D29B47205674}
	EndProjectSection
EndProject
Project("{8BC9CEB8-8B4A-11D0-8D11-00A0C91BC942}") = "confgen", "Projects\confgen.vcxproj", "{A45BC128-A727-4DB8-90EA-D29B47205674}"
	ProjectSection(ProjectDependencies) = postProject
		{83CE8522-8475-445E-974B-2308EB238D08} = {83CE8522-8475-445E-974B-2308EB238D08}
	EndProjectSection
EndProject
Project("{8BC9CEB8-8B4A-11D0-8D11-00A0C91BC942}") = "tsig-keygen", "Projects\tsig-keygen.vcxproj", "{1F751A88-6B07-4710-A1CD-4CC3C1E52884}"
	ProjectSection(ProjectDependencies) = postProject
		{A45BC128-A727-4DB8-90EA-D29B47205674} = {A45BC128-A727-4DB8-90EA-D29B47205674}
	EndProjectSection
EndProject
Project("{8BC9CEB8-8B4A-11D0-8D11-00A0C91BC942}") = "named-compilezone", "Projects\named-compilezone.vcxproj", "{163B3104-8FB3-42F8-AD84-032E6D1D2779}"
	ProjectSection(ProjectDependencies) = postProject
		{3AB14383-E5E8-4371-93FA-DFB55B76E9F9} = {3AB14383-E5E8-4371-93FA-DFB55B76E9F9}
	EndProjectSection
EndProject
Global
	GlobalSection(SolutionConfigurationPlatforms) = preSolution
		Release|ARM = Release|ARM
		Release|ARM64 = Release|ARM64
		Release|Win32 = Release|Win32
		Release|x64 = Release|x64
	EndGlobalSection
	GlobalSection(ProjectConfigurationPlatforms) = postSolution
		{A1D51732-F2FB-A387-834E-1F7D03A83B7D}.Release|ARM.ActiveCfg = Release|Win32
		{A1D51732-F2FB-A387-834E-1F7D03A83B7D}.Release|ARM.Build.0 = Release|Win32
		{A1D51732-F2FB-A387-834E-1F7D03A83B7D}.Release|ARM64.ActiveCfg = Release|Win32
		{A1D51732-F2FB-A387-834E-1F7D03A83B7D}.Release|ARM64.Build.0 = Release|Win32
		{A1D51732-F2FB-A387-834E-1F7D03A83B7D}.Release|Win32.ActiveCfg = Release|Win32
		{A1D51732-F2FB-A387-834E-1F7D03A83B7D}.Release|Win32.Build.0 = Release|Win32
		{A1D51732-F2FB-A387-834E-1F7D03A83B7D}.Release|x64.ActiveCfg = Release|x64
		{A1D51732-F2FB-A387-834E-1F7D03A83B7D}.Release|x64.Build.0 = Release|x64
		{09E461E7-A4AD-4D27-A627-D8B13C5C114D}.Release|ARM.ActiveCfg = Release|ARM
		{09E461E7-A4AD-4D27-A627-D8B13C5C114D}.Release|ARM.Build.0 = Release|ARM
		{09E461E7-A4AD-4D27-A627-D8B13C5C114D}.Release|ARM64.ActiveCfg = Release|ARM64
		{09E461E7-A4AD-4D27-A627-D8B13C5C114D}.Release|ARM64.Build.0 = Release|ARM64
		{09E461E7-A4AD-4D27-A627-D8B13C5C114D}.Release|Win32.ActiveCfg = Release|Win32
		{09E461E7-A4AD-4D27-A627-D8B13C5C114D}.Release|Win32.Build.0 = Release|Win32
		{09E461E7-A4AD-4D27-A627-D8B13C5C114D}.Release|x64.ActiveCfg = Release|x64
		{09E461E7-A4AD-4D27-A627-D8B13C5C114D}.Release|x64.Build.0 = Release|x64
		{7D69568E-D431-4246-ABBA-C94ACC1F7E42}.Release|ARM.ActiveCfg = Release|ARM
		{7D69568E-D431-4246-ABBA-C94ACC1F7E42}.Release|ARM.Build.0 = Release|ARM
		{7D69568E-D431-4246-ABBA-C94ACC1F7E42}.Release|ARM64.ActiveCfg = Release|ARM64
		{7D69568E-D431-4246-ABBA-C94ACC1F7E42}.Release|ARM64.Build.0 = Release|ARM64
		{7D69568E-D431-4246-ABBA-C94ACC1F7E42}.Release|Win32.ActiveCfg = Release|Win32
		{7D69568E-D431-4246-ABBA-C94ACC1F7E42}.Release|Win32.Build.0 = Release|Win32
		{7D69568E-D431-4246-ABBA-C94ACC1F7E42}.Release|x64.ActiveCfg = Release|x64
		{7D69568E-D431-4246-ABBA-C94ACC1F7E42}.Release|x64.Build.0 = Release|x64
		{CB20AE16-2EF9-498D-824A-E9DC14FADA89}.Release|ARM.ActiveCfg = Release|ARM
		{CB20AE16-2EF9-498D-824A-E9DC14FADA89}.Release|ARM.Build.0 = Release|ARM
		{CB20AE16-2EF9-498D-824A-E9DC14FADA89}.Release|ARM64.ActiveCfg = Release|ARM64
		{CB20AE16-2EF9-498D-824A-E9DC14FADA89}.Release|ARM64.Build.0 = Release|ARM64
		{CB20AE16-2EF9-498D-824A-E9DC14FADA89}.Release|Win32.ActiveCfg = Release|Win32
		{CB20AE16-2EF9-498D-824A-E9DC14FADA89}.Release|Win32.Build.0 = Release|Win32
		{CB20AE16-2EF9-498D-824A-E9DC14FADA89}.Release|x64.ActiveCfg = Release|x64
		{CB20AE16-2EF9-498D-824A-E9DC14FADA89}.Release|x64.Build.0 = Release|x64
		{E2EFC220-43C9-410D-BE1A-3A086D0DB924}.Release|ARM.ActiveCfg = Release|ARM
		{E2EFC220-43C9-410D-BE1A-3A086D0DB924}.Release|ARM.Build.0 = Release|ARM
		{E2EFC220-43C9-410D-BE1A-3A086D0DB924}.Release|ARM64.ActiveCfg = Release|ARM64
		{E2EFC220-43C9-410D-BE1A-3A086D0DB924}.Release|ARM64.Build.0 = Release|ARM64
		{E2EFC220-43C9-410D-BE1A-3A086D0DB924}.Release|Win32.ActiveCfg = Release|Win32
		{E2EFC220-43C9-410D-BE1A-3A086D0DB924}.Release|Win32.Build.0 = Release|Win32
		{E2EFC220-43C9-410D-BE1A-3A086D0DB924}.Release|x64.ActiveCfg = Release|x64
		{E2EFC220-43C9-410D-BE1A-3A086D0DB924}.Release|x64.Build.0 = Release|x64
		{FBC1B149-88D2-4A71-AF7D-33BAB2C59140}.Release|ARM.ActiveCfg = Release|ARM
		{FBC1B149-88D2-4A71-AF7D-33BAB2C59140}.Release|ARM.Build.0 = Release|ARM
		{FBC1B149-88D2-4A71-AF7D-33BAB2C59140}.Release|ARM64.ActiveCfg = Release|ARM64
		{FBC1B149-88D2-4A71-AF7D-33BAB2C59140}.Release|ARM64.Build.0 = Release|ARM64
		{FBC1B149-88D2-4A71-AF7D-33BAB2C59140}.Release|Win32.ActiveCfg = Release|Win32
		{FBC1B149-88D2-4A71-AF7D-33BAB2C59140}.Release|Win32.Build.0 = Release|Win32
		{FBC1B149-88D2-4A71-AF7D-33BAB2C59140}.Release|x64.ActiveCfg = Release|x64
		{FBC1B149-88D2-4A71-AF7D-33BAB2C59140}.Release|x64.Build.0 = Release|x64
		{136EA049-9470-4DBB-B2BC-7DC935EE5028}.Release|ARM.ActiveCfg = Release|ARM
		{136EA049-9470-4DBB-B2BC-7DC935EE5028}.Release|ARM.Build.0 = Release|ARM
		{136EA049-9470-4DBB-B2BC-7DC935EE5028}.Release|ARM64.ActiveCfg = Release|ARM64
		{136EA049-9470-4DBB-B2BC-7DC935EE5028}.Release|ARM64.Build.0 = Release|ARM64
		{136EA049-9470-4DBB-B2BC-7DC935EE5028}.Release|Win32.ActiveCfg = Release|Win32
		{136EA049-9470-4DBB-B2BC-7DC935EE5028}.Release|Win32.Build.0 = Release|Win32
		{136EA049-9470-4DBB-B2BC-7DC935EE5028}.Release|x64.ActiveCfg = Release|x64
		{136EA049-9470-4DBB-B2BC-7DC935EE5028}.Release|x64.Build.0 = Release|x64
		{56E248CF-C6DD-45BF-BA0B-2EC505BE0CB9}.Release|ARM.ActiveCfg = Release|ARM
		{56E248CF-C6DD-45BF-BA0B-2EC505BE0CB9}.Release|ARM.Build.0 = Release|ARM
		{56E248CF-C6DD-45BF-BA0B-2EC505BE0CB9}.Release|ARM64.ActiveCfg = Release|ARM64
		{56E248CF-C6DD-45BF-BA0B-2EC505BE0CB9}.Release|ARM64.Build.0 = Release|ARM64
		{56E248CF-C6DD-45BF-BA0B-2EC505BE0CB9}.Release|Win32.ActiveCfg = Release|Win32
		{56E248CF-C6DD-45BF-BA0B-2EC505BE0CB9}.Release|Win32.Build.0 = Release|Win32
		{56E248CF-C6DD-45BF-BA0B-2EC505BE0CB9}.Release|x64.ActiveCfg = Release|x64
		{56E248CF-C6DD-45BF-BA0B-2EC505BE0CB9}.Release|x64.Build.0 = Release|x64
		{83CE8522-8475-445E-974B-2308EB238D08}.Release|ARM.ActiveCfg = Release|ARM
		{83CE8522-8475-445E-974B-2308EB238D08}.Release|ARM.Build.0 = Release|ARM
		{83CE8522-8475-445E-974B-2308EB238D08}.Release|ARM64.ActiveCfg = Release|ARM64
		{83CE8522-8475-445E-974B-2308EB238D08}.Release|ARM64.Build.0 = Release|ARM64
		{83CE8522-8475-445E-974B-2308EB238D08}.Release|Win32.ActiveCfg = Release|Win32
		{83CE8522-8475-445E-974B-2308EB238D08}.Release|Win32.Build.0 = Release|Win32
		{83CE8522-8475-445E-974B-2308EB238D08}.Release|x64.ActiveCfg = Release|x64
		{83CE8522-8475-445E-974B-2308EB238D08}.Release|x64.Build.0 = Release|x64
		{E806EFE3-A1B6-41E0-953B-463B42FA3352}.Release|ARM.ActiveCfg = Release|ARM
		{E806EFE3-A1B6-41E0-953B-463B42FA3352}.Release|ARM.Build.0 = Release|ARM
		{E806EFE3-A1B6-41E0-953B-463B42FA3352}.Release|ARM64.ActiveCfg = Release|ARM64
		{E806EFE3-A1B6-41E0-953B-463B42FA3352}.Release|ARM64.Build.0 = Release|ARM64
		{E806EFE3-A1B6-41E0-953B-463B42FA3352}.Release|Win32.ActiveCfg = Release|Win32
		{E806EFE3-A1B6-41E0-953B-463B42FA3352}.Release|Win32.Build.0 = Release|Win32
		{E806EFE3-A1B6-41E0-953B-463B42FA3352}.Release|x64.ActiveCfg = Release|x64
		{E806EFE3-A1B6-41E0-953B-463B42FA3352}.Release|x64.Build.0 = Release|x64
		{2C93FFF1-4391-4ACA-87A5-56B0FE22C33E}.Release|ARM.ActiveCfg = Release|ARM
		{2C93FFF1-4391-4ACA-87A5-56B0FE22C33E}.Release|ARM.Build.0 = Release|ARM
		{2C93FFF1-4391-4ACA-87A5-56B0FE22C33E}.Release|ARM64.ActiveCfg = Release|ARM64
		{2C93FFF1-4391-4ACA-87A5-56B0FE22C33E}.Release|ARM64.Build.0 = Release|ARM64
		{2C93FFF1-4391-4ACA-87A5-56B0FE22C33E}.Release|Win32.ActiveCfg = Release|Win32
		{2C93FFF1-4391-4ACA-87A5-56B0FE22C33E}.Release|Win32.Build.0 = Release|Win32
		{2C93FFF1-4391-4ACA-87A5-56B0FE22C33E}.Release|x64.ActiveCfg = Release|x64
		{2C93FFF1-4391-4ACA-87A5-56B0FE22C33E}.Release|x64.Build.0 = Release|x64
		{6B1D4B56-EB40-4BEE-AA9B-0C31134C7836}.Release|ARM.ActiveCfg = Release|ARM
		{6B1D4B56-EB40-4BEE-AA9B-0C31134C7836}.Release|ARM.Build.0 = Release|ARM
		{6B1D4B56-EB40-4BEE-AA9B-0C31134C7836}.Release|ARM64.ActiveCfg = Release|ARM64
		{6B1D4B56-EB40-4BEE-AA9B-0C31134C7836}.Release|ARM64.Build.0 = Release|ARM64
		{6B1D4B56-EB40-4BEE-AA9B-0C31134C7836}.Release|Win32.ActiveCfg = Release|Win32
		{6B1D4B56-EB40-4BEE-AA9B-0C31134C7836}.Release|Win32.Build.0 = Release|Win32
		{6B1D4B56-EB40-4BEE-AA9B-0C31134C7836}.Release|x64.ActiveCfg = Release|x64
		{6B1D4B56-EB40-4BEE-AA9B-0C31134C7836}.Release|x64.Build.0 = Release|x64
		{322BA7E9-2408-44BD-BC97-EEDBABEAA646}.Release|ARM.ActiveCfg = Release|ARM
		{322BA7E9-2408-44BD-BC97-EEDBABEAA646}.Release|ARM.Build.0 = Release|ARM
		{322BA7E9-2408-44BD-BC97-EEDBABEAA646}.Release|ARM64.ActiveCfg = Release|ARM64
		{322BA7E9-2408-44BD-BC97-EEDBABEAA646}.Release|ARM64.Build.0 = Release|ARM64
		{322BA7E9-2408-44BD-BC97-EEDBABEAA646}.Release|Win32.ActiveCfg = Release|Win32
		{322BA7E9-2408-44BD-BC97-EEDBABEAA646}.Release|Win32.Build.0 = Release|Win32
		{322BA7E9-2408-44BD-BC97-EEDBABEAA646}.Release|x64.ActiveCfg = Release|x64
		{322BA7E9-2408-44BD-BC97-EEDBABEAA646}.Release|x64.Build.0 = Release|x64
		{E88B6EA0-25F2-4CFB-BC26-44535AAD3DD2}.Release|ARM.ActiveCfg = Release|ARM
		{E88B6EA0-25F2-4CFB-BC26-44535AAD3DD2}.Release|ARM.Build.0 = Release|ARM
		{E88B6EA0-25F2-4CFB-BC26-44535AAD3DD2}.Release|ARM64.ActiveCfg = Release|ARM64
		{E88B6EA0-25F2-4CFB-BC26-44535AAD3DD2}.Release|ARM64.Build.0 = Release|ARM64
		{E88B6EA0-25F2-4CFB-BC26-44535AAD3DD2}.Release|Win32.ActiveCfg = Release|Win32
		{E88B6EA0-25F2-4CFB-BC26-44535AAD3DD2}.Release|Win32.Build.0 = Release|Win32
		{E88B6EA0-25F2-4CFB-BC26-44535AAD3DD2}.Release|x64.ActiveCfg = Release|x64
		{E88B6EA0-25F2-4CFB-BC26-44535AAD3DD2}.Release|x64.Build.0 = Release|x64
		{275AC5B3-5E02-4233-9E02-E767C6E823BC}.Release|ARM.ActiveCfg = Release|ARM
		{275AC5B3-5E02-4233-9E02-E767C6E823BC}.Release|ARM.Build.0 = Release|ARM
		{275AC5B3-5E02-4233-9E02-E767C6E823BC}.Release|ARM64.ActiveCfg = Release|ARM64
		{275AC5B3-5E02-4233-9E02-E767C6E823BC}.Release|ARM64.Build.0 = Release|ARM64
		{275AC5B3-5E02-4233-9E02-E767C6E823BC}.Release|Win32.ActiveCfg = Release|Win32
		{275AC5B3-5E02-4233-9E02-E767C6E823BC}.Release|Win32.Build.0 = Release|Win32
		{275AC5B3-5E02-4233-9E02-E767C6E823BC}.Release|x64.ActiveCfg = Release|x64
		{275AC5B3-5E02-4233-9E02-E767C6E823BC}.Release|x64.Build.0 = Release|x64
		{018CA777-B8CD-40DB-BEAF-13CC32783FD4}.Release|ARM.ActiveCfg = Release|ARM
		{018CA777-B8CD-40DB-BEAF-13CC32783FD4}.Release|ARM.Build.0 = Release|ARM
		{018CA777-B8CD-40DB-BEAF-13CC32783FD4}.Release|ARM64.ActiveCfg = Release|ARM64
		{018CA777-B8CD-40DB-BEAF-13CC32783FD4}.Release|ARM64.Build.0 = Release|ARM64
		{018CA777-B8CD-40DB-BEAF-13CC32783FD4}.Release|Win32.ActiveCfg = Release|Win32
		{018CA777-B8CD-40DB-BEAF-13CC32783FD4}.Release|Win32.Build.0 = Release|Win32
		{018CA777-B8CD-40DB-BEAF-13CC32783FD4}.Release|x64.ActiveCfg = Release|x64
		{018CA777-B8CD-40DB-BEAF-13CC32783FD4}.Release|x64.Build.0 = Release|x64
		{28043007-0BFC-47FB-B5C6-19CAF0C78976}.Release|ARM.ActiveCfg = Release|ARM
		{28043007-0BFC-47FB-B5C6-19CAF0C78976}.Release|ARM.Build.0 = Release|ARM
		{28043007-0BFC-47FB-B5C6-19CAF0C78976}.Release|ARM64.ActiveCfg = Release|ARM64
		{28043007-0BFC-47FB-B5C6-19CAF0C78976}.Release|ARM64.Build.0 = Release|ARM64
		{28043007-0BFC-47FB-B5C6-19CAF0C78976}.Release|Win32.ActiveCfg = Release|Win32
		{28043007-0BFC-47FB-B5C6-19CAF0C78976}.Release|Win32.Build.0 = Release|Win32
		{28043007-0BFC-47FB-B5C6-19CAF0C78976}.Release|x64.ActiveCfg = Release|x64
		{28043007-0BFC-47FB-B5C6-19CAF0C78976}.Release|x64.Build.0 = Release|x64
		{AA6E8A96-73F7-496E-9888-03F94B958BDA}.Release|ARM.ActiveCfg = Release|ARM
		{AA6E8A96-73F7-496E-9888-03F94B958BDA}.Release|ARM.Build.0 = Release|ARM
		{AA6E8A96-73F7-496E-9888-03F94B958BDA}.Release|ARM64.ActiveCfg = Release|ARM64
		{AA6E8A96-73F7-496E-9888-03F94B958BDA}.Release|ARM64.Build.0 = Release|ARM64
		{AA6E8A96-73F7-496E-9888-03F94B958BDA}.Release|Win32.ActiveCfg = Release|Win32
		{AA6E8A96-73F7-496E-9888-03F94B958BDA}.Release|Win32.Build.0 = Release|Win32
		{AA6E8A96-73F7-496E-9888-03F94B958BDA}.Release|x64.ActiveCfg = Release|x64
		{AA6E8A96-73F7-496E-9888-03F94B958BDA}.Release|x64.Build.0 = Release|x64
		{82082DDF-4163-42A6-9400-97D541C0518F}.Release|ARM.ActiveCfg = Release|ARM
		{82082DDF-4163-42A6-9400-97D541C0518F}.Release|ARM.Build.0 = Release|ARM
		{82082DDF-4163-42A6-9400-97D541C0518F}.Release|ARM64.ActiveCfg = Release|ARM64
		{82082DDF-4163-42A6-9400-97D541C0518F}.Release|ARM64.Build.0 = Release|ARM64
		{82082DDF-4163-42A6-9400-97D541C0518F}.Release|Win32.ActiveCfg = Release|Win32
		{82082DDF-4163-42A6-9400-97D541C0518F}.Release|Win32.Build.0 = Release|Win32
		{82082DDF-4163-42A6-9400-97D541C0518F}.Release|x64.ActiveCfg = Release|x64
		{82082DDF-4163-42A6-9400-97D541C0518F}.Release|x64.Build.0 = Release|x64
		{20E8F931-7B34-4C6A-A4C3-7C8265C5FC2D}.Release|ARM.ActiveCfg = Release|ARM
		{20E8F931-7B34-4C6A-A4C3-7C8265C5FC2D}.Release|ARM.Build.0 = Release|ARM
		{20E8F931-7B34-4C6A-A4C3-7C8265C5FC2D}.Release|ARM64.ActiveCfg = Release|ARM64
		{20E8F931-7B34-4C6A-A4C3-7C8265C5FC2D}.Release|ARM64.Build.0 = Release|ARM64
		{20E8F931-7B34-4C6A-A4C3-7C8265C5FC2D}.Release|Win32.ActiveCfg = Release|Win32
		{20E8F931-7B34-4C6A-A4C3-7C8265C5FC2D}.Release|Win32.Build.0 = Release|Win32
		{20E8F931-7B34-4C6A-A4C3-7C8265C5FC2D}.Release|x64.ActiveCfg = Release|x64
		{20E8F931-7B34-4C6A-A4C3-7C8265C5FC2D}.Release|x64.Build.0 = Release|x64
		{AD21C5D7-2757-481C-9425-6A9F93A898EB}.Release|ARM.ActiveCfg = Release|ARM
		{AD21C5D7-2757-481C-9425-6A9F93A898EB}.Release|ARM.Build.0 = Release|ARM
		{AD21C5D7-2757-481C-9425-6A9F93A898EB}.Release|ARM64.ActiveCfg = Release|ARM64
		{AD21C5D7-2757-481C-9425-6A9F93A898EB}.Release|ARM64.Build.0 = Release|ARM64
		{AD21C5D7-2757-481C-9425-6A9F93A898EB}.Release|Win32.ActiveCfg = Release|Win32
		{AD21C5D7-2757-481C-9425-6A9F93A898EB}.Release|Win32.Build.0 = Release|Win32
		{AD21C5D7-2757-481C-9425-6A9F93A898EB}.Release|x64.ActiveCfg = Release|x64
		{AD21C5D7-2757-481C-9425-6A9F93A898EB}.Release|x64.Build.0 = Release|x64
		{ADE4DAE7-AE25-4C6F-B8B8-1BADEBF0B61B}.Release|ARM.ActiveCfg = Release|ARM
		{ADE4DAE7-AE25-4C6F-B8B8-1BADEBF0B61B}.Release|ARM.Build.0 = Release|ARM
		{ADE4DAE7-AE25-4C6F-B8B8-1BADEBF0B61B}.Release|ARM64.ActiveCfg = Release|ARM64
		{ADE4DAE7-AE25-4C6F-B8B8-1BADEBF0B61B}.Release|ARM64.Build.0 = Release|ARM64
		{ADE4DAE7-AE25-4C6F-B8B8-1BADEBF0B61B}.Release|Win32.ActiveCfg = Release|Win32
		{ADE4DAE7-AE25-4C6F-B8B8-1BADEBF0B61B}.Release|Win32.Build.0 = Release|Win32
		{ADE4DAE7-AE25-4C6F-B8B8-1BADEBF0B61B}.Release|x64.ActiveCfg = Release|x64
		{ADE4DAE7-AE25-4C6F-B8B8-1BADEBF0B61B}.Release|x64.Build.0 = Release|x64
		{60784238-33AB-47B2-8E08-DE58B8B24F27}.Release|ARM.ActiveCfg = Release|ARM
		{60784238-33AB-47B2-8E08-DE58B8B24F27}.Release|ARM.Build.0 = Release|ARM
		{60784238-33AB-47B2-8E08-DE58B8B24F27}.Release|ARM64.ActiveCfg = Release|ARM64
		{60784238-33AB-47B2-8E08-DE58B8B24F27}.Release|ARM64.Build.0 = Release|ARM64
		{60784238-33AB-47B2-8E08-DE58B8B24F27}.Release|Win32.ActiveCfg = Release|Win32
		{60784238-33AB-47B2-8E08-DE58B8B24F27}.Release|Win32.Build.0 = Release|Win32
		{60784238-33AB-47B2-8E08-DE58B8B24F27}.Release|x64.ActiveCfg = Release|x64
		{60784238-33AB-47B2-8E08-DE58B8B24F27}.Release|x64.Build.0 = Release|x64
		{084F2DA1-DB94-4BC6-88B7-B69F5DBE5EDE}.Release|ARM.ActiveCfg = Release|ARM
		{084F2DA1-DB94-4BC6-88B7-B69F5DBE5EDE}.Release|ARM.Build.0 = Release|ARM
		{084F2DA1-DB94-4BC6-88B7-B69F5DBE5EDE}.Release|ARM64.ActiveCfg = Release|ARM64
		{084F2DA1-DB94-4BC6-88B7-B69F5DBE5EDE}.Release|ARM64.Build.0 = Release|ARM64
		{084F2DA1-DB94-4BC6-88B7-B69F5DBE5EDE}.Release|Win32.ActiveCfg = Release|Win32
		{084F2DA1-DB94-4BC6-88B7-B69F5DBE5EDE}.Release|Win32.Build.0 = Release|Win32
		{084F2DA1-DB94-4BC6-88B7-B69F5DBE5EDE}.Release|x64.ActiveCfg = Release|x64
		{084F2DA1-DB94-4BC6-88B7-B69F5DBE5EDE}.Release|x64.Build.0 = Release|x64
		{A65A54BA-754E-44FE-88B5-B7ABA9E5B106}.Release|ARM.ActiveCfg = Release|ARM
		{A65A54BA-754E-44FE-88B5-B7ABA9E5B106}.Release|ARM.Build.0 = Release|ARM
		{A65A54BA-754E-44FE-88B5-B7ABA9E5B106}.Release|ARM64.ActiveCfg = Release|ARM64
		{A65A54BA-754E-44FE-88B5-B7ABA9E5B106}.Release|ARM64.Build.0 = Release|ARM64
		{A65A54BA-754E-44FE-88B5-B7ABA9E5B106}.Release|Win32.ActiveCfg = Release|Win32
		{A65A54BA-754E-44FE-88B5-B7ABA9E5B106}.Release|Win32.Build.0 = Release|Win32
		{A65A54BA-754E-44FE-88B5-B7ABA9E5B106}.Release|x64.ActiveCfg = Release|x64
		{A65A54BA-754E-44FE-88B5-B7ABA9E5B106}.Release|x64.Build.0 = Release|x64
		{57A953EF-FB14-435C-9F26-7CF2FACDDEDB}.Release|ARM.ActiveCfg = Release|ARM
		{57A953EF-FB14-435C-9F26-7CF2FACDDEDB}.Release|ARM.Build.0 = Release|ARM
		{57A953EF-FB14-435C-9F26-7CF2FACDDEDB}.Release|ARM64.ActiveCfg = Release|ARM64
		{57A953EF-FB14-435C-9F26-7CF2FACDDEDB}.Release|ARM64.Build.0 = Release|ARM64
		{57A953EF-FB14-435C-9F26-7CF2FACDDEDB}.Release|Win32.ActiveCfg = Release|Win32
		{57A953EF-FB14-435C-9F26-7CF2FACDDEDB}.Release|Win32.Build.0 = Release|Win32
		{57A953EF-FB14-435C-9F26-7CF2FACDDEDB}.Release|x64.ActiveCfg = Release|x64
		{57A953EF-FB14-435C-9F26-7CF2FACDDEDB}.Release|x64.Build.0 = Release|x64
		{27F700EB-3B06-41A3-9934-3FB7E8128996}.Release|ARM.ActiveCfg = Release|ARM
		{27F700EB-3B06-41A3-9934-3FB7E8128996}.Release|ARM.Build.0 = Release|ARM
		{27F700EB-3B06-41A3-9934-3FB7E8128996}.Release|ARM64.ActiveCfg = Release|ARM64
		{27F700EB-3B06-41A3-9934-3FB7E8128996}.Release|ARM64.Build.0 = Release|ARM64
		{27F700EB-3B06-41A3-9934-3FB7E8128996}.Release|Win32.ActiveCfg = Release|Win32
		{27F700EB-3B06-41A3-9934-3FB7E8128996}.Release|Win32.Build.0 = Release|Win32
		{27F700EB-3B06-41A3-9934-3FB7E8128996}.Release|x64.ActiveCfg = Release|x64
		{27F700EB-3B06-41A3-9934-3FB7E8128996}.Release|x64.Build.0 = Release|x64
		{F1A01F2C-B2C4-4B82-90CC-85836A5E9CBE}.Release|ARM.ActiveCfg = Release|ARM
		{F1A01F2C-B2C4-4B82-90CC-85836A5E9CBE}.Release|ARM.Build.0 = Release|ARM
		{F1A01F2C-B2C4-4B82-90CC-85836A5E9CBE}.Release|ARM64.ActiveCfg = Release|ARM64
		{F1A01F2C-B2C4-4B82-90CC-85836A5E9CBE}.Release|ARM64.Build.0 = Release|ARM64
		{F1A01F2C-B2C4-4B82-90CC-85836A5E9CBE}.Release|Win32.ActiveCfg = Release|Win32
		{F1A01F2C-B2C4-4B82-90CC-85836A5E9CBE}.Release|Win32.Build.0 = Release|Win32
		{F1A01F2C-B2C4-4B82-90CC-85836A5E9CBE}.Release|x64.ActiveCfg = Release|x64
		{F1A01F2C-B2C4-4B82-90CC-85836A5E9CBE}.Release|x64.Build.0 = Release|x64
		{7D477513-C3B3-4BA1-9942-96AAEC38DCAF}.Release|ARM.ActiveCfg = Release|ARM
		{7D477513-C3B3-4BA1-9942-96AAEC38DCAF}.Release|ARM.Build.0 = Release|ARM
		{7D477513-C3B3-4BA1-9942-96AAEC38DCAF}.Release|ARM64.ActiveCfg = Release|ARM64
		{7D477513-C3B3-4BA1-9942-96AAEC38DCAF}.Release|ARM64.Build.0 = Release|ARM64
		{7D477513-C3B3-4BA1-9942-96AAEC38DCAF}.Release|Win32.ActiveCfg = Release|Win32
		{7D477513-C3B3-4BA1-9942-96AAEC38DCAF}.Release|Win32.Build.0 = Release|Win32
		{7D477513-C3B3-4BA1-9942-96AAEC38DCAF}.Release|x64.ActiveCfg = Release|x64
		{7D477513-C3B3-4BA1-9942-96AAEC38DCAF}.Release|x64.Build.0 = Release|x64
		{813F5073-AC76-4E82-B541-5A1D6D0854CE}.Release|ARM.ActiveCfg = Release|ARM
		{813F5073-AC76-4E82-B541-5A1D6D0854CE}.Release|ARM.Build.0 = Release|ARM
		{813F5073-AC76-4E82-B541-5A1D6D0854CE}.Release|ARM64.ActiveCfg = Release|ARM64
		{813F5073-AC76-4E82-B541-5A1D6D0854CE}.Release|ARM64.Build.0 = Release|ARM64
		{813F5073-AC76-4E82-B541-5A1D6D0854CE}.Release|Win32.ActiveCfg = Release|Win32
		{813F5073-AC76-4E82-B541-5A1D6D0854CE}.Release|Win32.Build.0 = Release|Win32
		{813F5073-AC76-4E82-B541-5A1D6D0854CE}.Release|x64.ActiveCfg = Release|x64
		{813F5073-AC76-4E82-B541-5A1D6D0854CE}.Release|x64.Build.0 = Release|x64
		{9A488103-FEB2-435D-AA4B-C1A095526BF3}.Release|ARM.ActiveCfg = Release|ARM
		{9A488103-FEB2-435D-AA4B-C1A095526BF3}.Release|ARM.Build.0 = Release|ARM
		{9A488103-FEB2-435D-AA4B-C1A095526BF3}.Release|ARM64.ActiveCfg = Release|ARM64
		{9A488103-FEB2-435D-AA4B-C1A095526BF3}.Release|ARM64.Build.0 = Release|ARM64
		{9A488103-FEB2-435D-AA4B-C1A095526BF3}.Release|Win32.ActiveCfg = Release|Win32
		{9A488103-FEB2-435D-AA4B-C1A095526BF3}.Release|Win32.Build.0 = Release|Win32
		{9A488103-FEB2-435D-AA4B-C1A095526BF3}.Release|x64.ActiveCfg = Release|x64
		{9A488103-FEB2-435D-AA4B-C1A095526BF3}.Release|x64.Build.0 = Release|x64
		{3AB14383-E5E8-4371-93FA-DFB55B76E9F9}.Release|ARM.ActiveCfg = Release|ARM
		{3AB14383-E5E8-4371-93FA-DFB55B76E9F9}.Release|ARM.Build.0 = Release|ARM
		{3AB14383-E5E8-4371-93FA-DFB55B76E9F9}.Release|ARM64.ActiveCfg = Release|ARM64
		{3AB14383-E5E8-4371-93FA-DFB55B76E9F9}.Release|ARM64.Build.0 = Release|ARM64
		{3AB14383-E5E8-4371-93FA-DFB55B76E9F9}.Release|Win32.ActiveCfg = Release|Win32
		{3AB14383-E5E8-4371-93FA-DFB55B76E9F9}.Release|Win32.Build.0 = Release|Win32
		{3AB14383-E5E8-4371-93FA-DFB55B76E9F9}.Release|x64.ActiveCfg = Release|x64
		{3AB14383-E5E8-4371-93FA-DFB55B76E9F9}.Release|x64.Build.0 = Release|x64
		{AF9D6C79-16DA-4874-A1D8-12727A1FEC57}.Release|ARM.ActiveCfg = Release|ARM
		{AF9D6C79-16DA-4874-A1D8-12727A1FEC57}.Release|ARM.Build.0 = Release|ARM
		{AF9D6C79-16DA-4874-A1D8-12727A1FEC57}.Release|ARM64.ActiveCfg = Release|ARM64
		{AF9D6C79-16DA-4874-A1D8-12727A1FEC57}.Release|ARM64.Build.0 = Release|ARM64
		{AF9D6C79-16DA-4874-A1D8-12727A1FEC57}.Release|Win32.ActiveCfg = Release|Win32
		{AF9D6C79-16DA-4874-A1D8-12727A1FEC57}.Release|Win32.Build.0 = Release|Win32
		{AF9D6C79-16DA-4874-A1D8-12727A1FEC57}.Release|x64.ActiveCfg = Release|x64
		{AF9D6C79-16DA-4874-A1D8-12727A1FEC57}.Release|x64.Build.0 = Release|x64
		{720A4F33-43D0-4D00-8883-5D97A3F971B7}.Release|ARM.ActiveCfg = Release|ARM
		{720A4F33-43D0-4D00-8883-5D97A3F971B7}.Release|ARM.Build.0 = Release|ARM
		{720A4F33-43D0-4D00-8883-5D97A3F971B7}.Release|ARM64.ActiveCfg = Release|ARM64
		{720A4F33-43D0-4D00-8883-5D97A3F971B7}.Release|ARM64.Build.0 = Release|ARM64
		{720A4F33-43D0-4D00-8883-5D97A3F971B7}.Release|Win32.ActiveCfg = Release|Win32
		{720A4F33-43D0-4D00-8883-5D97A3F971B7}.Release|Win32.Build.0 = Release|Win32
		{720A4F33-43D0-4D00-8883-5D97A3F971B7}.Release|x64.ActiveCfg = Release|x64
		{720A4F33-43D0-4D00-8883-5D97A3F971B7}.Release|x64.Build.0 = Release|x64
		{7D94E8D6-4A6F-49D9-AB92-047DE5DA9EBF}.Release|ARM.ActiveCfg = Release|ARM
		{7D94E8D6-4A6F-49D9-AB92-047DE5DA9EBF}.Release|ARM.Build.0 = Release|ARM
		{7D94E8D6-4A6F-49D9-AB92-047DE5DA9EBF}.Release|ARM64.ActiveCfg = Release|ARM64
		{7D94E8D6-4A6F-49D9-AB92-047DE5DA9EBF}.Release|ARM64.Build.0 = Release|ARM64
		{7D94E8D6-4A6F-49D9-AB92-047DE5DA9EBF}.Release|Win32.ActiveCfg = Release|Win32
		{7D94E8D6-4A6F-49D9-AB92-047DE5DA9EBF}.Release|Win32.Build.0 = Release|Win32
		{7D94E8D6-4A6F-49D9-AB92-047DE5DA9EBF}.Release|x64.ActiveCfg = Release|x64
		{7D94E8D6-4A6F-49D9-AB92-047DE5DA9EBF}.Release|x64.Build.0 = Release|x64
		{1E3EED8E-5D24-4BE1-BE3B-2240E14B822D}.Release|ARM.ActiveCfg = Release|ARM
		{1E3EED8E-5D24-4BE1-BE3B-2240E14B822D}.Release|ARM.Build.0 = Release|ARM
		{1E3EED8E-5D24-4BE1-BE3B-2240E14B822D}.Release|ARM64.ActiveCfg = Release|ARM64
		{1E3EED8E-5D24-4BE1-BE3B-2240E14B822D}.Release|ARM64.Build.0 = Release|ARM64
		{1E3EED8E-5D24-4BE1-BE3B-2240E14B822D}.Release|Win32.ActiveCfg = Release|Win32
		{1E3EED8E-5D24-4BE1-BE3B-2240E14B822D}.Release|Win32.Build.0 = Release|Win32
		{1E3EED8E-5D24-4BE1-BE3B-2240E14B822D}.Release|x64.ActiveCfg = Release|x64
		{1E3EED8E-5D24-4BE1-BE3B-2240E14B822D}.Release|x64.Build.0 = Release|x64
		{A45BC128-A727-4DB8-90EA-D29B47205674}.Release|ARM.ActiveCfg = Release|ARM
		{A45BC128-A727-4DB8-90EA-D29B47205674}.Release|ARM.Build.0 = Release|ARM
		{A45BC128-A727-4DB8-90EA-D29B47205674}.Release|ARM64.ActiveCfg = Release|ARM64
		{A45BC128-A727-4DB8-90EA-D29B47205674}.Release|ARM64.Build.0 = Release|ARM64
		{A45BC128-A727-4DB8-90EA-D29B47205674}.Release|Win32.ActiveCfg = Release|Win32
		{A45BC128-A727-4DB8-90EA-D29B47205674}.Release|Win32.Build.0 = Release|Win32
		{A45BC128-A727-4DB8-90EA-D29B47205674}.Release|x64.ActiveCfg = Release|x64
		{A45BC128-A727-4DB8-90EA-D29B47205674}.Release|x64.Build.0 = Release|x64
		{1F751A88-6B07-4710-A1CD-4CC3C1E52884}.Release|ARM.ActiveCfg = Release|ARM
		{1F751A88-6B07-4710-A1CD-4CC3C1E52884}.Release|ARM.Build.0 = Release|ARM
		{1F751A88-6B07-4710-A1CD-4CC3C1E52884}.Release|ARM64.ActiveCfg = Release|ARM64
		{1F751A88-6B07-4710-A1CD-4CC3C1E52884}.Release|ARM64.Build.0 = Release|ARM64
		{1F751A88-6B07-4710-A1CD-4CC3C1E52884}.Release|Win32.ActiveCfg = Release|Win32
		{1F751A88-6B07-4710-A1CD-4CC3C1E52884}.Release|Win32.Build.0 = Release|Win32
		{1F751A88-6B07-4710-A1CD-4CC3C1E52884}.Release|x64.ActiveCfg = Release|x64
		{1F751A88-6B07-4710-A1CD-4CC3C1E52884}.Release|x64.Build.0 = Release|x64
		{163B3104-8FB3-42F8-AD84-032E6D1D2779}.Release|ARM.ActiveCfg = Release|ARM
		{163B3104-8FB3-42F8-AD84-032E6D1D2779}.Release|ARM.Build.0 = Release|ARM
		{163B3104-8FB3-42F8-AD84-032E6D1D2779}.Release|ARM64.ActiveCfg = Release|ARM64
		{163B3104-8FB3-42F8-AD84-032E6D1D2779}.Release|ARM64.Build.0 = Release|ARM64
		{163B3104-8FB3-42F8-AD84-032E6D1D2779}.Release|Win32.ActiveCfg = Release|Win32
		{163B3104-8FB3-42F8-AD84-032E6D1D2779}.Release|Win32.Build.0 = Release|Win32
		{163B3104-8FB3-42F8-AD84-032E6D1D2779}.Release|x64.ActiveCfg = Release|x64
		{163B3104-8FB3-42F8-AD84-032E6D1D2779}.Release|x64.Build.0 = Release|x64
	EndGlobalSection
	GlobalSection(SolutionProperties) = preSolution
		HideSolutionNode = FALSE
	EndGlobalSection
	GlobalSection(NestedProjects) = preSolution
		{09E461E7-A4AD-4D27-A627-D8B13C5C114D} = {67E99504-6111-4EAB-9BCE-2A919119FC39}
		{7D69568E-D431-4246-ABBA-C94ACC1F7E42} = {67E99504-6111-4EAB-9BCE-2A919119FC39}
		{CB20AE16-2EF9-498D-824A-E9DC14FADA89} = {67E99504-6111-4EAB-9BCE-2A919119FC39}
		{E2EFC220-43C9-410D-BE1A-3A086D0DB924} = {67E99504-6111-4EAB-9BCE-2A919119FC39}
		{FBC1B149-88D2-4A71-AF7D-33BAB2C59140} = {67E99504-6111-4EAB-9BCE-2A919119FC39}
		{136EA049-9470-4DBB-B2BC-7DC935EE5028} = {67E99504-6111-4EAB-9BCE-2A919119FC39}
		{56E248CF-C6DD-45BF-BA0B-2EC505BE0CB9} = {67E99504-6111-4EAB-9BCE-2A919119FC39}
		{83CE8522-8475-445E-974B-2308EB238D08} = {DCD0B750-F1AA-44C1-A3A0-428CF3DC932D}
		{E806EFE3-A1B6-41E0-953B-463B42FA3352} = {DCD0B750-F1AA-44C1-A3A0-428CF3DC932D}
		{2C93FFF1-4391-4ACA-87A5-56B0FE22C33E} = {DCD0B750-F1AA-44C1-A3A0-428CF3DC932D}
		{6B1D4B56-EB40-4BEE-AA9B-0C31134C7836} = {DCD0B750-F1AA-44C1-A3A0-428CF3DC932D}
		{322BA7E9-2408-44BD-BC97-EEDBABEAA646} = {DCD0B750-F1AA-44C1-A3A0-428CF3DC932D}
		{E88B6EA0-25F2-4CFB-BC26-44535AAD3DD2} = {DCD0B750-F1AA-44C1-A3A0-428CF3DC932D}
		{275AC5B3-5E02-4233-9E02-E767C6E823BC} = {DCD0B750-F1AA-44C1-A3A0-428CF3DC932D}
		{018CA777-B8CD-40DB-BEAF-13CC32783FD4} = {DCD0B750-F1AA-44C1-A3A0-428CF3DC932D}
		{28043007-0BFC-47FB-B5C6-19CAF0C78976} = {DCD0B750-F1AA-44C1-A3A0-428CF3DC932D}
		{AA6E8A96-73F7-496E-9888-03F94B958BDA} = {DCD0B750-F1AA-44C1-A3A0-428CF3DC932D}
		{82082DDF-4163-42A6-9400-97D541C0518F} = {DCD0B750-F1AA-44C1-A3A0-428CF3DC932D}
		{20E8F931-7B34-4C6A-A4C3-7C8265C5FC2D} = {DCD0B750-F1AA-44C1-A3A0-428CF3DC932D}
		{AD21C5D7-2757-481C-9425-6A9F93A898EB} = {DCD0B750-F1AA-44C1-A3A0-428CF3DC932D}
		{ADE4DAE7-AE25-4C6F-B8B8-1BADEBF0B61B} = {DCD0B750-F1AA-44C1-A3A0-428CF3DC932D}
		{60784238-33AB-47B2-8E08-DE58B8B24F27} = {DCD0B750-F1AA-44C1-A3A0-428CF3DC932D}
		{084F2DA1-DB94-4BC6-88B7-B69F5DBE5EDE} = {DCD0B750-F1AA-44C1-A3A0-428CF3DC932D}
		{A65A54BA-754E-44FE-88B5-B7ABA9E5B106} = {DCD0B750-F1AA-44C1-A3A0-428CF3DC932D}
		{57A953EF-FB14-435C-9F26-7CF2FACDDEDB} = {67E99504-6111-4EAB-9BCE-2A919119FC39}
		{27F700EB-3B06-41A3-9934-3FB7E8128996} = {DCD0B750-F1AA-44C1-A3A0-428CF3DC932D}
		{F1A01F2C-B2C4-4B82-90CC-85836A5E9CBE} = {DCD0B750-F1AA-44C1-A3A0-428CF3DC932D}
		{7D477513-C3B3-4BA1-9942-96AAEC38DCAF} = {DCD0B750-F1AA-44C1-A3A0-428CF3DC932D}
		{813F5073-AC76-4E82-B541-5A1D6D0854CE} = {67E99504-6111-4EAB-9BCE-2A919119FC39}
		{9A488103-FEB2-435D-AA4B-C1A095526BF3} = {DCD0B750-F1AA-44C1-A3A0-428CF3DC932D}
		{3AB14383-E5E8-4371-93FA-DFB55B76E9F9} = {67E99504-6111-4EAB-9BCE-2A919119FC39}
		{AF9D6C79-16DA-4874-A1D8-12727A1FEC57} = {DCD0B750-F1AA-44C1-A3A0-428CF3DC932D}
		{720A4F33-43D0-4D00-8883-5D97A3F971B7} = {DCD0B750-F1AA-44C1-A3A0-428CF3DC932D}
		{7D94E8D6-4A6F-49D9-AB92-047DE5DA9EBF} = {DCD0B750-F1AA-44C1-A3A0-428CF3DC932D}
		{1E3EED8E-5D24-4BE1-BE3B-2240E14B822D} = {DCD0B750-F1AA-44C1-A3A0-428CF3DC932D}
		{A45BC128-A727-4DB8-90EA-D29B47205674} = {67E99504-6111-4EAB-9BCE-2A919119FC39}
		{1F751A88-6B07-4710-A1CD-4CC3C1E52884} = {DCD0B750-F1AA-44C1-A3A0-428CF3DC932D}
		{163B3104-8FB3-42F8-AD84-032E6D1D2779} = {DCD0B750-F1AA-44C1-A3A0-428CF3DC932D}
	EndGlobalSection
	GlobalSection(ExtensibilityGlobals) = postSolution
		SolutionGuid = {B8F5C2B8-7B3C-4472-98A8-376F100867DC}
	EndGlobalSection
EndGlobal
